
Microsoft Visual Studio Solution File, Format Version 12.00
# Visual Studio Version 16
VisualStudioVersion = 16.0.33801.447
MinimumVisualStudioVersion = 10.0.40219.1
Project("{FAE04EC0-301F-11D3-BF4B-00C04F79EFBC}") = "TheBuyingZone", "TheBuyingZone\TheBuyingZone.csproj", "{CE7903C9-DA85-494F-AD08-F7E72A3EBDCB}"
EndProject
Global
	GlobalSection(SolutionConfigurationPlatforms) = preSolution
		Debug|Any CPU = Debug|Any CPU
		Release|Any CPU = Release|Any CPU
	EndGlobalSection
	GlobalSection(ProjectConfigurationPlatforms) = postSolution
		{CE7903C9-DA85-494F-AD08-F7E72A3EBDCB}.Debug|Any CPU.ActiveCfg = Debug|Any CPU
		{CE7903C9-DA85-494F-AD08-F7E72A3EBDCB}.Debug|Any CPU.Build.0 = Debug|Any CPU
		{CE7903C9-DA85-494F-AD08-F7E72A3EBDCB}.Release|Any CPU.ActiveCfg = Release|Any CPU
		{CE7903C9-DA85-494F-AD08-F7E72A3EBDCB}.Release|Any CPU.Build.0 = Release|Any CPU
	EndGlobalSection
	GlobalSection(SolutionProperties) = preSolution
		HideSolutionNode = FALSE
	EndGlobalSection
	GlobalSection(ExtensibilityGlobals) = postSolution
		SolutionGuid = {66C8AE83-2E52-498F-9D91-D692414AC47C}
	EndGlobalSection
EndGlobal
